// !$*UTF8*$!
{
	archiveVersion = 1;
	classes = {
	};
	objectVersion = 46;
	objects = {

/* Begin PBXBuildFile section */
		7516B0A41DE6874A003C9271 /* CellView.xib in Resources */ = {isa = PBXBuildFile; fileRef = 7516B0A31DE6874A003C9271 /* CellView.xib */; };
		7516B0A61DE6877B003C9271 /* CellView.swift in Sources */ = {isa = PBXBuildFile; fileRef = 7516B0A51DE6877B003C9271 /* CellView.swift */; };
		751DEBB51DE63D65001CFB30 /* AppDelegate.swift in Sources */ = {isa = PBXBuildFile; fileRef = 751DEBB41DE63D65001CFB30 /* AppDelegate.swift */; };
		751DEBBA1DE63D65001CFB30 /* Main.storyboard in Resources */ = {isa = PBXBuildFile; fileRef = 751DEBB81DE63D65001CFB30 /* Main.storyboard */; };
		751DEBBC1DE63D65001CFB30 /* Assets.xcassets in Resources */ = {isa = PBXBuildFile; fileRef = 751DEBBB1DE63D65001CFB30 /* Assets.xcassets */; };
		751DEBBF1DE63D65001CFB30 /* LaunchScreen.storyboard in Resources */ = {isa = PBXBuildFile; fileRef = 751DEBBD1DE63D65001CFB30 /* LaunchScreen.storyboard */; };
		751DEBCA1DE63D65001CFB30 /* CampusEatsTests.swift in Sources */ = {isa = PBXBuildFile; fileRef = 751DEBC91DE63D65001CFB30 /* CampusEatsTests.swift */; };
		751DEBD51DE63D65001CFB30 /* CampusEatsUITests.swift in Sources */ = {isa = PBXBuildFile; fileRef = 751DEBD41DE63D65001CFB30 /* CampusEatsUITests.swift */; };
		751DEBE41DE64484001CFB30 /* LoginViewController.swift in Sources */ = {isa = PBXBuildFile; fileRef = 751DEBE31DE64484001CFB30 /* LoginViewController.swift */; };
		753841761DED3E1C00175DC9 /* PostTableViewController.swift in Sources */ = {isa = PBXBuildFile; fileRef = 753841751DED3E1C00175DC9 /* PostTableViewController.swift */; };
		7548383C1DF16959006C4DF7 /* AuthenticationTextField.swift in Sources */ = {isa = PBXBuildFile; fileRef = 7548383B1DF16959006C4DF7 /* AuthenticationTextField.swift */; };
		75830C7F1DE6499E00FEC51D /* RegisterViewController.swift in Sources */ = {isa = PBXBuildFile; fileRef = 75830C7E1DE6499E00FEC51D /* RegisterViewController.swift */; };
		75830C821DE6515400FEC51D /* Common.swift in Sources */ = {isa = PBXBuildFile; fileRef = 75830C811DE6515400FEC51D /* Common.swift */; };
		75830C861DE652FE00FEC51D /* MainTableViewController.swift in Sources */ = {isa = PBXBuildFile; fileRef = 75830C851DE652FE00FEC51D /* MainTableViewController.swift */; };
		75830C881DE6532900FEC51D /* TableViewCell.swift in Sources */ = {isa = PBXBuildFile; fileRef = 75830C871DE6532900FEC51D /* TableViewCell.swift */; };
		75830C8A1DE6558F00FEC51D /* Post.swift in Sources */ = {isa = PBXBuildFile; fileRef = 75830C891DE6558F00FEC51D /* Post.swift */; };
		7597D4ED1DF066B40080E4E9 /* DetailViewController.swift in Sources */ = {isa = PBXBuildFile; fileRef = 7597D4EC1DF066B40080E4E9 /* DetailViewController.swift */; };
		759810131DE6A3C0004A378B /* CalendarViewController.swift in Sources */ = {isa = PBXBuildFile; fileRef = 759810121DE6A3C0004A378B /* CalendarViewController.swift */; };
		75C594BF1DE93510002859A0 /* MonthHeaderView.xib in Resources */ = {isa = PBXBuildFile; fileRef = 75C594BE1DE93510002859A0 /* MonthHeaderView.xib */; };
		75C594C31DE9358A002859A0 /* MonthHeaderView.swift in Sources */ = {isa = PBXBuildFile; fileRef = 75C594C21DE9358A002859A0 /* MonthHeaderView.swift */; };
		75C594C91DE94BA2002859A0 /* CalendarTableViewCell.swift in Sources */ = {isa = PBXBuildFile; fileRef = 75C594C81DE94BA2002859A0 /* CalendarTableViewCell.swift */; };
		75C630251DE78C3E006C4A82 /* GoogleService-Info.plist in Resources */ = {isa = PBXBuildFile; fileRef = 75C630241DE78C3E006C4A82 /* GoogleService-Info.plist */; };
		DB4F87FA0E3E669D75B211DF /* Pods_CampusEats.framework in Frameworks */ = {isa = PBXBuildFile; fileRef = 6364E654DCA371985D2B5808 /* Pods_CampusEats.framework */; };
/* End PBXBuildFile section */

/* Begin PBXContainerItemProxy section */
		751DEBC61DE63D65001CFB30 /* PBXContainerItemProxy */ = {
			isa = PBXContainerItemProxy;
			containerPortal = 751DEBA91DE63D65001CFB30 /* Project object */;
			proxyType = 1;
			remoteGlobalIDString = 751DEBB01DE63D65001CFB30;
			remoteInfo = CampusEats;
		};
		751DEBD11DE63D65001CFB30 /* PBXContainerItemProxy */ = {
			isa = PBXContainerItemProxy;
			containerPortal = 751DEBA91DE63D65001CFB30 /* Project object */;
			proxyType = 1;
			remoteGlobalIDString = 751DEBB01DE63D65001CFB30;
			remoteInfo = CampusEats;
		};
/* End PBXContainerItemProxy section */

/* Begin PBXFileReference section */
		2D72C85F5818BA03ADE806F1 /* Pods-CampusEats.release.xcconfig */ = {isa = PBXFileReference; includeInIndex = 1; lastKnownFileType = text.xcconfig; name = "Pods-CampusEats.release.xcconfig"; path = "Pods/Target Support Files/Pods-CampusEats/Pods-CampusEats.release.xcconfig"; sourceTree = "<group>"; };
		6364E654DCA371985D2B5808 /* Pods_CampusEats.framework */ = {isa = PBXFileReference; explicitFileType = wrapper.framework; includeInIndex = 0; path = Pods_CampusEats.framework; sourceTree = BUILT_PRODUCTS_DIR; };
		7516B0A31DE6874A003C9271 /* CellView.xib */ = {isa = PBXFileReference; fileEncoding = 4; lastKnownFileType = file.xib; path = CellView.xib; sourceTree = "<group>"; };
		7516B0A51DE6877B003C9271 /* CellView.swift */ = {isa = PBXFileReference; fileEncoding = 4; lastKnownFileType = sourcecode.swift; path = CellView.swift; sourceTree = "<group>"; };
		751DEBB11DE63D65001CFB30 /* CampusEats.app */ = {isa = PBXFileReference; explicitFileType = wrapper.application; includeInIndex = 0; path = CampusEats.app; sourceTree = BUILT_PRODUCTS_DIR; };
		751DEBB41DE63D65001CFB30 /* AppDelegate.swift */ = {isa = PBXFileReference; lastKnownFileType = sourcecode.swift; path = AppDelegate.swift; sourceTree = "<group>"; };
		751DEBB91DE63D65001CFB30 /* Base */ = {isa = PBXFileReference; lastKnownFileType = file.storyboard; name = Base; path = Base.lproj/Main.storyboard; sourceTree = "<group>"; };
		751DEBBB1DE63D65001CFB30 /* Assets.xcassets */ = {isa = PBXFileReference; lastKnownFileType = folder.assetcatalog; path = Assets.xcassets; sourceTree = "<group>"; };
		751DEBBE1DE63D65001CFB30 /* Base */ = {isa = PBXFileReference; lastKnownFileType = file.storyboard; name = Base; path = Base.lproj/LaunchScreen.storyboard; sourceTree = "<group>"; };
		751DEBC01DE63D65001CFB30 /* Info.plist */ = {isa = PBXFileReference; lastKnownFileType = text.plist.xml; path = Info.plist; sourceTree = "<group>"; };
		751DEBC51DE63D65001CFB30 /* CampusEatsTests.xctest */ = {isa = PBXFileReference; explicitFileType = wrapper.cfbundle; includeInIndex = 0; path = CampusEatsTests.xctest; sourceTree = BUILT_PRODUCTS_DIR; };
		751DEBC91DE63D65001CFB30 /* CampusEatsTests.swift */ = {isa = PBXFileReference; lastKnownFileType = sourcecode.swift; path = CampusEatsTests.swift; sourceTree = "<group>"; };
		751DEBCB1DE63D65001CFB30 /* Info.plist */ = {isa = PBXFileReference; lastKnownFileType = text.plist.xml; path = Info.plist; sourceTree = "<group>"; };
		751DEBD01DE63D65001CFB30 /* CampusEatsUITests.xctest */ = {isa = PBXFileReference; explicitFileType = wrapper.cfbundle; includeInIndex = 0; path = CampusEatsUITests.xctest; sourceTree = BUILT_PRODUCTS_DIR; };
		751DEBD41DE63D65001CFB30 /* CampusEatsUITests.swift */ = {isa = PBXFileReference; lastKnownFileType = sourcecode.swift; path = CampusEatsUITests.swift; sourceTree = "<group>"; };
		751DEBD61DE63D65001CFB30 /* Info.plist */ = {isa = PBXFileReference; lastKnownFileType = text.plist.xml; path = Info.plist; sourceTree = "<group>"; };
		751DEBE31DE64484001CFB30 /* LoginViewController.swift */ = {isa = PBXFileReference; fileEncoding = 4; lastKnownFileType = sourcecode.swift; path = LoginViewController.swift; sourceTree = "<group>"; };
		753841751DED3E1C00175DC9 /* PostTableViewController.swift */ = {isa = PBXFileReference; fileEncoding = 4; lastKnownFileType = sourcecode.swift; path = PostTableViewController.swift; sourceTree = "<group>"; };
		7548383B1DF16959006C4DF7 /* AuthenticationTextField.swift */ = {isa = PBXFileReference; fileEncoding = 4; lastKnownFileType = sourcecode.swift; path = AuthenticationTextField.swift; sourceTree = "<group>"; };
		75830C7E1DE6499E00FEC51D /* RegisterViewController.swift */ = {isa = PBXFileReference; fileEncoding = 4; lastKnownFileType = sourcecode.swift; path = RegisterViewController.swift; sourceTree = "<group>"; };
		75830C811DE6515400FEC51D /* Common.swift */ = {isa = PBXFileReference; fileEncoding = 4; lastKnownFileType = sourcecode.swift; path = Common.swift; sourceTree = "<group>"; };
		75830C851DE652FE00FEC51D /* MainTableViewController.swift */ = {isa = PBXFileReference; fileEncoding = 4; lastKnownFileType = sourcecode.swift; path = MainTableViewController.swift; sourceTree = "<group>"; };
		75830C871DE6532900FEC51D /* TableViewCell.swift */ = {isa = PBXFileReference; fileEncoding = 4; lastKnownFileType = sourcecode.swift; path = TableViewCell.swift; sourceTree = "<group>"; };
		75830C891DE6558F00FEC51D /* Post.swift */ = {isa = PBXFileReference; fileEncoding = 4; lastKnownFileType = sourcecode.swift; path = Post.swift; sourceTree = "<group>"; };
		7597D4EC1DF066B40080E4E9 /* DetailViewController.swift */ = {isa = PBXFileReference; fileEncoding = 4; lastKnownFileType = sourcecode.swift; path = DetailViewController.swift; sourceTree = "<group>"; };
		759810121DE6A3C0004A378B /* CalendarViewController.swift */ = {isa = PBXFileReference; fileEncoding = 4; lastKnownFileType = sourcecode.swift; path = CalendarViewController.swift; sourceTree = "<group>"; };
		75C594BE1DE93510002859A0 /* MonthHeaderView.xib */ = {isa = PBXFileReference; fileEncoding = 4; lastKnownFileType = file.xib; path = MonthHeaderView.xib; sourceTree = "<group>"; };
		75C594C21DE9358A002859A0 /* MonthHeaderView.swift */ = {isa = PBXFileReference; fileEncoding = 4; lastKnownFileType = sourcecode.swift; path = MonthHeaderView.swift; sourceTree = "<group>"; };
		75C594C81DE94BA2002859A0 /* CalendarTableViewCell.swift */ = {isa = PBXFileReference; fileEncoding = 4; lastKnownFileType = sourcecode.swift; path = CalendarTableViewCell.swift; sourceTree = "<group>"; };
		75C630241DE78C3E006C4A82 /* GoogleService-Info.plist */ = {isa = PBXFileReference; fileEncoding = 4; lastKnownFileType = text.plist.xml; path = "GoogleService-Info.plist"; sourceTree = SOURCE_ROOT; };
		EB62DC8517D8452B9141DFBB /* Pods-CampusEats.debug.xcconfig */ = {isa = PBXFileReference; includeInIndex = 1; lastKnownFileType = text.xcconfig; name = "Pods-CampusEats.debug.xcconfig"; path = "Pods/Target Support Files/Pods-CampusEats/Pods-CampusEats.debug.xcconfig"; sourceTree = "<group>"; };
/* End PBXFileReference section */

/* Begin PBXFrameworksBuildPhase section */
		751DEBAE1DE63D65001CFB30 /* Frameworks */ = {
			isa = PBXFrameworksBuildPhase;
			buildActionMask = 2147483647;
			files = (
				DB4F87FA0E3E669D75B211DF /* Pods_CampusEats.framework in Frameworks */,
			);
			runOnlyForDeploymentPostprocessing = 0;
		};
		751DEBC21DE63D65001CFB30 /* Frameworks */ = {
			isa = PBXFrameworksBuildPhase;
			buildActionMask = 2147483647;
			files = (
			);
			runOnlyForDeploymentPostprocessing = 0;
		};
		751DEBCD1DE63D65001CFB30 /* Frameworks */ = {
			isa = PBXFrameworksBuildPhase;
			buildActionMask = 2147483647;
			files = (
			);
			runOnlyForDeploymentPostprocessing = 0;
		};
/* End PBXFrameworksBuildPhase section */

/* Begin PBXGroup section */
		08B610D69A5CFE81573F28D1 /* Frameworks */ = {
			isa = PBXGroup;
			children = (
				6364E654DCA371985D2B5808 /* Pods_CampusEats.framework */,
			);
			name = Frameworks;
			sourceTree = "<group>";
		};
		751DEBA81DE63D65001CFB30 = {
			isa = PBXGroup;
			children = (
				751DEBB31DE63D65001CFB30 /* CampusEats */,
				751DEBC81DE63D65001CFB30 /* CampusEatsTests */,
				751DEBD31DE63D65001CFB30 /* CampusEatsUITests */,
				751DEBB21DE63D65001CFB30 /* Products */,
				E268FDF8FCBF9E7A0CBAE648 /* Pods */,
				08B610D69A5CFE81573F28D1 /* Frameworks */,
			);
			sourceTree = "<group>";
		};
		751DEBB21DE63D65001CFB30 /* Products */ = {
			isa = PBXGroup;
			children = (
				751DEBB11DE63D65001CFB30 /* CampusEats.app */,
				751DEBC51DE63D65001CFB30 /* CampusEatsTests.xctest */,
				751DEBD01DE63D65001CFB30 /* CampusEatsUITests.xctest */,
			);
			name = Products;
			sourceTree = "<group>";
		};
		751DEBB31DE63D65001CFB30 /* CampusEats */ = {
			isa = PBXGroup;
			children = (
				75830C801DE6513A00FEC51D /* Common */,
				75830C831DE6526400FEC51D /* Calendar */,
				751DEBE21DE6445F001CFB30 /* Authentication */,
				75830C841DE6527900FEC51D /* Main */,
				751DEBB41DE63D65001CFB30 /* AppDelegate.swift */,
				751DEBB81DE63D65001CFB30 /* Main.storyboard */,
				751DEBBB1DE63D65001CFB30 /* Assets.xcassets */,
				751DEBBD1DE63D65001CFB30 /* LaunchScreen.storyboard */,
				751DEBC01DE63D65001CFB30 /* Info.plist */,
				75C630241DE78C3E006C4A82 /* GoogleService-Info.plist */,
			);
			path = CampusEats;
			sourceTree = "<group>";
		};
		751DEBC81DE63D65001CFB30 /* CampusEatsTests */ = {
			isa = PBXGroup;
			children = (
				751DEBC91DE63D65001CFB30 /* CampusEatsTests.swift */,
				751DEBCB1DE63D65001CFB30 /* Info.plist */,
			);
			path = CampusEatsTests;
			sourceTree = "<group>";
		};
		751DEBD31DE63D65001CFB30 /* CampusEatsUITests */ = {
			isa = PBXGroup;
			children = (
				751DEBD41DE63D65001CFB30 /* CampusEatsUITests.swift */,
				751DEBD61DE63D65001CFB30 /* Info.plist */,
			);
			path = CampusEatsUITests;
			sourceTree = "<group>";
		};
		751DEBE21DE6445F001CFB30 /* Authentication */ = {
			isa = PBXGroup;
			children = (
				751DEBE31DE64484001CFB30 /* LoginViewController.swift */,
				75830C7E1DE6499E00FEC51D /* RegisterViewController.swift */,
			);
			name = Authentication;
			sourceTree = "<group>";
		};
		75830C801DE6513A00FEC51D /* Common */ = {
			isa = PBXGroup;
			children = (
				75830C811DE6515400FEC51D /* Common.swift */,
				75830C891DE6558F00FEC51D /* Post.swift */,
				7548383B1DF16959006C4DF7 /* AuthenticationTextField.swift */,
			);
			name = Common;
			sourceTree = "<group>";
		};
		75830C831DE6526400FEC51D /* Calendar */ = {
			isa = PBXGroup;
			children = (
				7516B0A31DE6874A003C9271 /* CellView.xib */,
				7516B0A51DE6877B003C9271 /* CellView.swift */,
				75C594BE1DE93510002859A0 /* MonthHeaderView.xib */,
				75C594C21DE9358A002859A0 /* MonthHeaderView.swift */,
			);
			name = Calendar;
			sourceTree = "<group>";
		};
		75830C841DE6527900FEC51D /* Main */ = {
			isa = PBXGroup;
			children = (
				75830C851DE652FE00FEC51D /* MainTableViewController.swift */,
				75830C871DE6532900FEC51D /* TableViewCell.swift */,
				759810121DE6A3C0004A378B /* CalendarViewController.swift */,
				75C594C81DE94BA2002859A0 /* CalendarTableViewCell.swift */,
				753841751DED3E1C00175DC9 /* PostTableViewController.swift */,
				7597D4EC1DF066B40080E4E9 /* DetailViewController.swift */,
			);
			name = Main;
			sourceTree = "<group>";
		};
		E268FDF8FCBF9E7A0CBAE648 /* Pods */ = {
			isa = PBXGroup;
			children = (
				EB62DC8517D8452B9141DFBB /* Pods-CampusEats.debug.xcconfig */,
				2D72C85F5818BA03ADE806F1 /* Pods-CampusEats.release.xcconfig */,
			);
			name = Pods;
			sourceTree = "<group>";
		};
/* End PBXGroup section */

/* Begin PBXNativeTarget section */
		751DEBB01DE63D65001CFB30 /* CampusEats */ = {
			isa = PBXNativeTarget;
			buildConfigurationList = 751DEBD91DE63D65001CFB30 /* Build configuration list for PBXNativeTarget "CampusEats" */;
			buildPhases = (
				7D262492DDEA8670422443B9 /* [CP] Check Pods Manifest.lock */,
				751DEBAD1DE63D65001CFB30 /* Sources */,
				751DEBAE1DE63D65001CFB30 /* Frameworks */,
				751DEBAF1DE63D65001CFB30 /* Resources */,
				F83841990D4406AC06C71B4C /* [CP] Embed Pods Frameworks */,
				B0FF05D2D43A18ED82EF532F /* [CP] Copy Pods Resources */,
			);
			buildRules = (
			);
			dependencies = (
			);
			name = CampusEats;
			productName = CampusEats;
			productReference = 751DEBB11DE63D65001CFB30 /* CampusEats.app */;
			productType = "com.apple.product-type.application";
		};
		751DEBC41DE63D65001CFB30 /* CampusEatsTests */ = {
			isa = PBXNativeTarget;
			buildConfigurationList = 751DEBDC1DE63D65001CFB30 /* Build configuration list for PBXNativeTarget "CampusEatsTests" */;
			buildPhases = (
				751DEBC11DE63D65001CFB30 /* Sources */,
				751DEBC21DE63D65001CFB30 /* Frameworks */,
				751DEBC31DE63D65001CFB30 /* Resources */,
			);
			buildRules = (
			);
			dependencies = (
				751DEBC71DE63D65001CFB30 /* PBXTargetDependency */,
			);
			name = CampusEatsTests;
			productName = CampusEatsTests;
			productReference = 751DEBC51DE63D65001CFB30 /* CampusEatsTests.xctest */;
			productType = "com.apple.product-type.bundle.unit-test";
		};
		751DEBCF1DE63D65001CFB30 /* CampusEatsUITests */ = {
			isa = PBXNativeTarget;
			buildConfigurationList = 751DEBDF1DE63D65001CFB30 /* Build configuration list for PBXNativeTarget "CampusEatsUITests" */;
			buildPhases = (
				751DEBCC1DE63D65001CFB30 /* Sources */,
				751DEBCD1DE63D65001CFB30 /* Frameworks */,
				751DEBCE1DE63D65001CFB30 /* Resources */,
			);
			buildRules = (
			);
			dependencies = (
				751DEBD21DE63D65001CFB30 /* PBXTargetDependency */,
			);
			name = CampusEatsUITests;
			productName = CampusEatsUITests;
			productReference = 751DEBD01DE63D65001CFB30 /* CampusEatsUITests.xctest */;
			productType = "com.apple.product-type.bundle.ui-testing";
		};
/* End PBXNativeTarget section */

/* Begin PBXProject section */
		751DEBA91DE63D65001CFB30 /* Project object */ = {
			isa = PBXProject;
			attributes = {
				LastSwiftUpdateCheck = 0810;
				LastUpgradeCheck = 0810;
				ORGANIZATIONNAME = campuseats;
				TargetAttributes = {
					751DEBB01DE63D65001CFB30 = {
						CreatedOnToolsVersion = 8.1;
						DevelopmentTeam = 9XT99477P4;
						ProvisioningStyle = Automatic;
					};
					751DEBC41DE63D65001CFB30 = {
						CreatedOnToolsVersion = 8.1;
						DevelopmentTeam = 9XT99477P4;
						ProvisioningStyle = Automatic;
						TestTargetID = 751DEBB01DE63D65001CFB30;
					};
					751DEBCF1DE63D65001CFB30 = {
						CreatedOnToolsVersion = 8.1;
						DevelopmentTeam = 9XT99477P4;
						ProvisioningStyle = Automatic;
						TestTargetID = 751DEBB01DE63D65001CFB30;
					};
				};
			};
			buildConfigurationList = 751DEBAC1DE63D65001CFB30 /* Build configuration list for PBXProject "CampusEats" */;
			compatibilityVersion = "Xcode 3.2";
			developmentRegion = English;
			hasScannedForEncodings = 0;
			knownRegions = (
				en,
				Base,
			);
			mainGroup = 751DEBA81DE63D65001CFB30;
			productRefGroup = 751DEBB21DE63D65001CFB30 /* Products */;
			projectDirPath = "";
			projectRoot = "";
			targets = (
				751DEBB01DE63D65001CFB30 /* CampusEats */,
				751DEBC41DE63D65001CFB30 /* CampusEatsTests */,
				751DEBCF1DE63D65001CFB30 /* CampusEatsUITests */,
			);
		};
/* End PBXProject section */

/* Begin PBXResourcesBuildPhase section */
		751DEBAF1DE63D65001CFB30 /* Resources */ = {
			isa = PBXResourcesBuildPhase;
			buildActionMask = 2147483647;
			files = (
				7516B0A41DE6874A003C9271 /* CellView.xib in Resources */,
				751DEBBF1DE63D65001CFB30 /* LaunchScreen.storyboard in Resources */,
				75C594BF1DE93510002859A0 /* MonthHeaderView.xib in Resources */,
				75C630251DE78C3E006C4A82 /* GoogleService-Info.plist in Resources */,
				751DEBBC1DE63D65001CFB30 /* Assets.xcassets in Resources */,
				751DEBBA1DE63D65001CFB30 /* Main.storyboard in Resources */,
			);
			runOnlyForDeploymentPostprocessing = 0;
		};
		751DEBC31DE63D65001CFB30 /* Resources */ = {
			isa = PBXResourcesBuildPhase;
			buildActionMask = 2147483647;
			files = (
			);
			runOnlyForDeploymentPostprocessing = 0;
		};
		751DEBCE1DE63D65001CFB30 /* Resources */ = {
			isa = PBXResourcesBuildPhase;
			buildActionMask = 2147483647;
			files = (
			);
			runOnlyForDeploymentPostprocessing = 0;
		};
/* End PBXResourcesBuildPhase section */

/* Begin PBXShellScriptBuildPhase section */
		7D262492DDEA8670422443B9 /* [CP] Check Pods Manifest.lock */ = {
			isa = PBXShellScriptBuildPhase;
			buildActionMask = 2147483647;
			files = (
			);
			inputPaths = (
			);
			name = "[CP] Check Pods Manifest.lock";
			outputPaths = (
			);
			runOnlyForDeploymentPostprocessing = 0;
			shellPath = /bin/sh;
			shellScript = "diff \"${PODS_ROOT}/../Podfile.lock\" \"${PODS_ROOT}/Manifest.lock\" > /dev/null\nif [ $? != 0 ] ; then\n    # print error to STDERR\n    echo \"error: The sandbox is not in sync with the Podfile.lock. Run 'pod install' or update your CocoaPods installation.\" >&2\n    exit 1\nfi\n";
			showEnvVarsInLog = 0;
		};
		B0FF05D2D43A18ED82EF532F /* [CP] Copy Pods Resources */ = {
			isa = PBXShellScriptBuildPhase;
			buildActionMask = 2147483647;
			files = (
			);
			inputPaths = (
			);
			name = "[CP] Copy Pods Resources";
			outputPaths = (
			);
			runOnlyForDeploymentPostprocessing = 0;
			shellPath = /bin/sh;
			shellScript = "\"${SRCROOT}/Pods/Target Support Files/Pods-CampusEats/Pods-CampusEats-resources.sh\"\n";
			showEnvVarsInLog = 0;
		};
		F83841990D4406AC06C71B4C /* [CP] Embed Pods Frameworks */ = {
			isa = PBXShellScriptBuildPhase;
			buildActionMask = 2147483647;
			files = (
			);
			inputPaths = (
			);
			name = "[CP] Embed Pods Frameworks";
			outputPaths = (
			);
			runOnlyForDeploymentPostprocessing = 0;
			shellPath = /bin/sh;
			shellScript = "\"${SRCROOT}/Pods/Target Support Files/Pods-CampusEats/Pods-CampusEats-frameworks.sh\"\n";
			showEnvVarsInLog = 0;
		};
/* End PBXShellScriptBuildPhase section */

/* Begin PBXSourcesBuildPhase section */
		751DEBAD1DE63D65001CFB30 /* Sources */ = {
			isa = PBXSourcesBuildPhase;
			buildActionMask = 2147483647;
			files = (
				7597D4ED1DF066B40080E4E9 /* DetailViewController.swift in Sources */,
				759810131DE6A3C0004A378B /* CalendarViewController.swift in Sources */,
				753841761DED3E1C00175DC9 /* PostTableViewController.swift in Sources */,
				7548383C1DF16959006C4DF7 /* AuthenticationTextField.swift in Sources */,
				751DEBE41DE64484001CFB30 /* LoginViewController.swift in Sources */,
				751DEBB51DE63D65001CFB30 /* AppDelegate.swift in Sources */,
				75830C8A1DE6558F00FEC51D /* Post.swift in Sources */,
				75830C821DE6515400FEC51D /* Common.swift in Sources */,
				75830C861DE652FE00FEC51D /* MainTableViewController.swift in Sources */,
				7516B0A61DE6877B003C9271 /* CellView.swift in Sources */,
				75830C881DE6532900FEC51D /* TableViewCell.swift in Sources */,
				75C594C91DE94BA2002859A0 /* CalendarTableViewCell.swift in Sources */,
				75C594C31DE9358A002859A0 /* MonthHeaderView.swift in Sources */,
				75830C7F1DE6499E00FEC51D /* RegisterViewController.swift in Sources */,
			);
			runOnlyForDeploymentPostprocessing = 0;
		};
		751DEBC11DE63D65001CFB30 /* Sources */ = {
			isa = PBXSourcesBuildPhase;
			buildActionMask = 2147483647;
			files = (
				751DEBCA1DE63D65001CFB30 /* CampusEatsTests.swift in Sources */,
			);
			runOnlyForDeploymentPostprocessing = 0;
		};
		751DEBCC1DE63D65001CFB30 /* Sources */ = {
			isa = PBXSourcesBuildPhase;
			buildActionMask = 2147483647;
			files = (
				751DEBD51DE63D65001CFB30 /* CampusEatsUITests.swift in Sources */,
			);
			runOnlyForDeploymentPostprocessing = 0;
		};
/* End PBXSourcesBuildPhase section */

/* Begin PBXTargetDependency section */
		751DEBC71DE63D65001CFB30 /* PBXTargetDependency */ = {
			isa = PBXTargetDependency;
			target = 751DEBB01DE63D65001CFB30 /* CampusEats */;
			targetProxy = 751DEBC61DE63D65001CFB30 /* PBXContainerItemProxy */;
		};
		751DEBD21DE63D65001CFB30 /* PBXTargetDependency */ = {
			isa = PBXTargetDependency;
			target = 751DEBB01DE63D65001CFB30 /* CampusEats */;
			targetProxy = 751DEBD11DE63D65001CFB30 /* PBXContainerItemProxy */;
		};
/* End PBXTargetDependency section */

/* Begin PBXVariantGroup section */
		751DEBB81DE63D65001CFB30 /* Main.storyboard */ = {
			isa = PBXVariantGroup;
			children = (
				751DEBB91DE63D65001CFB30 /* Base */,
			);
			name = Main.storyboard;
			sourceTree = "<group>";
		};
		751DEBBD1DE63D65001CFB30 /* LaunchScreen.storyboard */ = {
			isa = PBXVariantGroup;
			children = (
				751DEBBE1DE63D65001CFB30 /* Base */,
			);
			name = LaunchScreen.storyboard;
			sourceTree = "<group>";
		};
/* End PBXVariantGroup section */

/* Begin XCBuildConfiguration section */
		751DEBD71DE63D65001CFB30 /* Debug */ = {
			isa = XCBuildConfiguration;
			buildSettings = {
				ALWAYS_SEARCH_USER_PATHS = NO;
				CLANG_ANALYZER_NONNULL = YES;
				CLANG_CXX_LANGUAGE_STANDARD = "gnu++0x";
				CLANG_CXX_LIBRARY = "libc++";
				CLANG_ENABLE_MODULES = YES;
				CLANG_ENABLE_OBJC_ARC = YES;
				CLANG_WARN_BOOL_CONVERSION = YES;
				CLANG_WARN_CONSTANT_CONVERSION = YES;
				CLANG_WARN_DIRECT_OBJC_ISA_USAGE = YES_ERROR;
				CLANG_WARN_DOCUMENTATION_COMMENTS = YES;
				CLANG_WARN_EMPTY_BODY = YES;
				CLANG_WARN_ENUM_CONVERSION = YES;
				CLANG_WARN_INFINITE_RECURSION = YES;
				CLANG_WARN_INT_CONVERSION = YES;
				CLANG_WARN_OBJC_ROOT_CLASS = YES_ERROR;
				CLANG_WARN_SUSPICIOUS_MOVES = YES;
				CLANG_WARN_UNREACHABLE_CODE = YES;
				CLANG_WARN__DUPLICATE_METHOD_MATCH = YES;
				"CODE_SIGN_IDENTITY[sdk=iphoneos*]" = "iPhone Developer";
				COPY_PHASE_STRIP = NO;
				DEBUG_INFORMATION_FORMAT = dwarf;
				ENABLE_STRICT_OBJC_MSGSEND = YES;
				ENABLE_TESTABILITY = YES;
				GCC_C_LANGUAGE_STANDARD = gnu99;
				GCC_DYNAMIC_NO_PIC = NO;
				GCC_NO_COMMON_BLOCKS = YES;
				GCC_OPTIMIZATION_LEVEL = 0;
				GCC_PREPROCESSOR_DEFINITIONS = (
					"DEBUG=1",
					"$(inherited)",
				);
				GCC_WARN_64_TO_32_BIT_CONVERSION = YES;
				GCC_WARN_ABOUT_RETURN_TYPE = YES_ERROR;
				GCC_WARN_UNDECLARED_SELECTOR = YES;
				GCC_WARN_UNINITIALIZED_AUTOS = YES_AGGRESSIVE;
				GCC_WARN_UNUSED_FUNCTION = YES;
				GCC_WARN_UNUSED_VARIABLE = YES;
				IPHONEOS_DEPLOYMENT_TARGET = 10.1;
				MTL_ENABLE_DEBUG_INFO = YES;
				ONLY_ACTIVE_ARCH = YES;
				SDKROOT = iphoneos;
				SWIFT_ACTIVE_COMPILATION_CONDITIONS = DEBUG;
				SWIFT_OPTIMIZATION_LEVEL = "-Onone";
			};
			name = Debug;
		};
		751DEBD81DE63D65001CFB30 /* Release */ = {
			isa = XCBuildConfiguration;
			buildSettings = {
				ALWAYS_SEARCH_USER_PATHS = NO;
				CLANG_ANALYZER_NONNULL = YES;
				CLANG_CXX_LANGUAGE_STANDARD = "gnu++0x";
				CLANG_CXX_LIBRARY = "libc++";
				CLANG_ENABLE_MODULES = YES;
				CLANG_ENABLE_OBJC_ARC = YES;
				CLANG_WARN_BOOL_CONVERSION = YES;
				CLANG_WARN_CONSTANT_CONVERSION = YES;
				CLANG_WARN_DIRECT_OBJC_ISA_USAGE = YES_ERROR;
				CLANG_WARN_DOCUMENTATION_COMMENTS = YES;
				CLANG_WARN_EMPTY_BODY = YES;
				CLANG_WARN_ENUM_CONVERSION = YES;
				CLANG_WARN_INFINITE_RECURSION = YES;
				CLANG_WARN_INT_CONVERSION = YES;
				CLANG_WARN_OBJC_ROOT_CLASS = YES_ERROR;
				CLANG_WARN_SUSPICIOUS_MOVES = YES;
				CLANG_WARN_UNREACHABLE_CODE = YES;
				CLANG_WARN__DUPLICATE_METHOD_MATCH = YES;
				"CODE_SIGN_IDENTITY[sdk=iphoneos*]" = "iPhone Developer";
				COPY_PHASE_STRIP = NO;
				DEBUG_INFORMATION_FORMAT = "dwarf-with-dsym";
				ENABLE_NS_ASSERTIONS = NO;
				ENABLE_STRICT_OBJC_MSGSEND = YES;
				GCC_C_LANGUAGE_STANDARD = gnu99;
				GCC_NO_COMMON_BLOCKS = YES;
				GCC_WARN_64_TO_32_BIT_CONVERSION = YES;
				GCC_WARN_ABOUT_RETURN_TYPE = YES_ERROR;
				GCC_WARN_UNDECLARED_SELECTOR = YES;
				GCC_WARN_UNINITIALIZED_AUTOS = YES_AGGRESSIVE;
				GCC_WARN_UNUSED_FUNCTION = YES;
				GCC_WARN_UNUSED_VARIABLE = YES;
				IPHONEOS_DEPLOYMENT_TARGET = 10.1;
				MTL_ENABLE_DEBUG_INFO = NO;
				SDKROOT = iphoneos;
				SWIFT_OPTIMIZATION_LEVEL = "-Owholemodule";
				VALIDATE_PRODUCT = YES;
			};
			name = Release;
		};
		751DEBDA1DE63D65001CFB30 /* Debug */ = {
			isa = XCBuildConfiguration;
			baseConfigurationReference = EB62DC8517D8452B9141DFBB /* Pods-CampusEats.debug.xcconfig */;
			buildSettings = {
				ASSETCATALOG_COMPILER_APPICON_NAME = AppIcon;
				DEVELOPMENT_TEAM = 9XT99477P4;
				INFOPLIST_FILE = CampusEats/Info.plist;
				IPHONEOS_DEPLOYMENT_TARGET = 9.0;
				LD_RUNPATH_SEARCH_PATHS = "$(inherited) @executable_path/Frameworks";
				PRODUCT_BUNDLE_IDENTIFIER = ffoc.CampusEats;
				PRODUCT_NAME = "$(TARGET_NAME)";
				SWIFT_VERSION = 3.0;
			};
			name = Debug;
		};
		751DEBDB1DE63D65001CFB30 /* Release */ = {
			isa = XCBuildConfiguration;
			baseConfigurationReference = 2D72C85F5818BA03ADE806F1 /* Pods-CampusEats.release.xcconfig */;
			buildSettings = {
				ASSETCATALOG_COMPILER_APPICON_NAME = AppIcon;
				DEVELOPMENT_TEAM = 9XT99477P4;
				INFOPLIST_FILE = CampusEats/Info.plist;
				IPHONEOS_DEPLOYMENT_TARGET = 9.0;
				LD_RUNPATH_SEARCH_PATHS = "$(inherited) @executable_path/Frameworks";
				PRODUCT_BUNDLE_IDENTIFIER = ffoc.CampusEats;
				PRODUCT_NAME = "$(TARGET_NAME)";
				SWIFT_VERSION = 3.0;
			};
			name = Release;
		};
		751DEBDD1DE63D65001CFB30 /* Debug */ = {
			isa = XCBuildConfiguration;
			buildSettings = {
				ALWAYS_EMBED_SWIFT_STANDARD_LIBRARIES = YES;
				BUNDLE_LOADER = "$(TEST_HOST)";
				DEVELOPMENT_TEAM = 9XT99477P4;
				INFOPLIST_FILE = CampusEatsTests/Info.plist;
				LD_RUNPATH_SEARCH_PATHS = "$(inherited) @executable_path/Frameworks @loader_path/Frameworks";
				PRODUCT_BUNDLE_IDENTIFIER = ffoc.CampusEatsTests;
				PRODUCT_NAME = "$(TARGET_NAME)";
				SWIFT_VERSION = 3.0;
				TEST_HOST = "$(BUILT_PRODUCTS_DIR)/CampusEats.app/CampusEats";
			};
			name = Debug;
		};
		751DEBDE1DE63D65001CFB30 /* Release */ = {
			isa = XCBuildConfiguration;
			buildSettings = {
				ALWAYS_EMBED_SWIFT_STANDARD_LIBRARIES = YES;
				BUNDLE_LOADER = "$(TEST_HOST)";
				DEVELOPMENT_TEAM = 9XT99477P4;
				INFOPLIST_FILE = CampusEatsTests/Info.plist;
				LD_RUNPATH_SEARCH_PATHS = "$(inherited) @executable_path/Frameworks @loader_path/Frameworks";
				PRODUCT_BUNDLE_IDENTIFIER = ffoc.CampusEatsTests;
				PRODUCT_NAME = "$(TARGET_NAME)";
				SWIFT_VERSION = 3.0;
				TEST_HOST = "$(BUILT_PRODUCTS_DIR)/CampusEats.app/CampusEats";
			};
			name = Release;
		};
		751DEBE01DE63D65001CFB30 /* Debug */ = {
			isa = XCBuildConfiguration;
			buildSettings = {
				ALWAYS_EMBED_SWIFT_STANDARD_LIBRARIES = YES;
				DEVELOPMENT_TEAM = 9XT99477P4;
				INFOPLIST_FILE = CampusEatsUITests/Info.plist;
				LD_RUNPATH_SEARCH_PATHS = "$(inherited) @executable_path/Frameworks @loader_path/Frameworks";
				PRODUCT_BUNDLE_IDENTIFIER = ffoc.CampusEatsUITests;
				PRODUCT_NAME = "$(TARGET_NAME)";
				SWIFT_VERSION = 3.0;
				TEST_TARGET_NAME = CampusEats;
			};
			name = Debug;
		};
		751DEBE11DE63D65001CFB30 /* Release */ = {
			isa = XCBuildConfiguration;
			buildSettings = {
				ALWAYS_EMBED_SWIFT_STANDARD_LIBRARIES = YES;
				DEVELOPMENT_TEAM = 9XT99477P4;
				INFOPLIST_FILE = CampusEatsUITests/Info.plist;
				LD_RUNPATH_SEARCH_PATHS = "$(inherited) @executable_path/Frameworks @loader_path/Frameworks";
				PRODUCT_BUNDLE_IDENTIFIER = ffoc.CampusEatsUITests;
				PRODUCT_NAME = "$(TARGET_NAME)";
				SWIFT_VERSION = 3.0;
				TEST_TARGET_NAME = CampusEats;
			};
			name = Release;
		};
/* End XCBuildConfiguration section */

/* Begin XCConfigurationList section */
		751DEBAC1DE63D65001CFB30 /* Build configuration list for PBXProject "CampusEats" */ = {
			isa = XCConfigurationList;
			buildConfigurations = (
				751DEBD71DE63D65001CFB30 /* Debug */,
				751DEBD81DE63D65001CFB30 /* Release */,
			);
			defaultConfigurationIsVisible = 0;
			defaultConfigurationName = Release;
		};
		751DEBD91DE63D65001CFB30 /* Build configuration list for PBXNativeTarget "CampusEats" */ = {
			isa = XCConfigurationList;
			buildConfigurations = (
				751DEBDA1DE63D65001CFB30 /* Debug */,
				751DEBDB1DE63D65001CFB30 /* Release */,
			);
			defaultConfigurationIsVisible = 0;
			defaultConfigurationName = Release;
		};
		751DEBDC1DE63D65001CFB30 /* Build configuration list for PBXNativeTarget "CampusEatsTests" */ = {
			isa = XCConfigurationList;
			buildConfigurations = (
				751DEBDD1DE63D65001CFB30 /* Debug */,
				751DEBDE1DE63D65001CFB30 /* Release */,
			);
			defaultConfigurationIsVisible = 0;
			defaultConfigurationName = Release;
		};
		751DEBDF1DE63D65001CFB30 /* Build configuration list for PBXNativeTarget "CampusEatsUITests" */ = {
			isa = XCConfigurationList;
			buildConfigurations = (
				751DEBE01DE63D65001CFB30 /* Debug */,
				751DEBE11DE63D65001CFB30 /* Release */,
			);
			defaultConfigurationIsVisible = 0;
			defaultConfigurationName = Release;
		};
/* End XCConfigurationList section */
	};
	rootObject = 751DEBA91DE63D65001CFB30 /* Project object */;
}
